
Microsoft Visual Studio Solution File, Format Version 12.00
# Visual Studio Version 17
VisualStudioVersion = 17.11.35312.102
MinimumVisualStudioVersion = 10.0.40219.1
Project("{FAE04EC0-301F-11D3-BF4B-00C04F79EFBC}") = "test", "test\test.csproj", "{17246C98-CA29-4C25-BDF8-0744201840CA}"
EndProject
Global
	GlobalSection(SolutionConfigurationPlatforms) = preSolution
		Debug|Any CPU = Debug|Any CPU
		Release|Any CPU = Release|Any CPU
	EndGlobalSection
	GlobalSection(ProjectConfigurationPlatforms) = postSolution
		{17246C98-CA29-4C25-BDF8-0744201840CA}.Debug|Any CPU.ActiveCfg = Debug|Any CPU
		{17246C98-CA29-4C25-BDF8-0744201840CA}.Debug|Any CPU.Build.0 = Debug|Any CPU
		{17246C98-CA29-4C25-BDF8-0744201840CA}.Release|Any CPU.ActiveCfg = Release|Any CPU
		{17246C98-CA29-4C25-BDF8-0744201840CA}.Release|Any CPU.Build.0 = Release|Any CPU
	EndGlobalSection
	GlobalSection(SolutionProperties) = preSolution
		HideSolutionNode = FALSE
	EndGlobalSection
	GlobalSection(ExtensibilityGlobals) = postSolution
		SolutionGuid = {524FEA32-BC0F-4868-B740-908AC0AD8725}
	EndGlobalSection
EndGlobal
